
Microsoft Visual Studio Solution File, Format Version 12.00
# Visual Studio Version 17
VisualStudioVersion = 17.8.34408.163
MinimumVisualStudioVersion = 10.0.40219.1
Project("{FAE04EC0-301F-11D3-BF4B-00C04F79EFBC}") = "WinApp", "ChamadosTecnicosTec55\WinApp.csproj", "{055F83B4-E378-4140-9817-7A30BA204566}"
	ProjectSection(ProjectDependencies) = postProject
		{1DB37985-310C-4AAD-B452-6EA3D001E117} = {1DB37985-310C-4AAD-B452-6EA3D001E117}
	EndProjectSection
EndProject
Project("{FAE04EC0-301F-11D3-BF4B-00C04F79EFBC}") = "Data", "Data\Data.csproj", "{1DB37985-310C-4AAD-B452-6EA3D001E117}"
EndProject
Global
	GlobalSection(SolutionConfigurationPlatforms) = preSolution
		Debug|Any CPU = Debug|Any CPU
		Release|Any CPU = Release|Any CPU
	EndGlobalSection
	GlobalSection(ProjectConfigurationPlatforms) = postSolution
		{055F83B4-E378-4140-9817-7A30BA204566}.Debug|Any CPU.ActiveCfg = Debug|Any CPU
		{055F83B4-E378-4140-9817-7A30BA204566}.Debug|Any CPU.Build.0 = Debug|Any CPU
		{055F83B4-E378-4140-9817-7A30BA204566}.Release|Any CPU.ActiveCfg = Release|Any CPU
		{055F83B4-E378-4140-9817-7A30BA204566}.Release|Any CPU.Build.0 = Release|Any CPU
		{1DB37985-310C-4AAD-B452-6EA3D001E117}.Debug|Any CPU.ActiveCfg = Debug|Any CPU
		{1DB37985-310C-4AAD-B452-6EA3D001E117}.Debug|Any CPU.Build.0 = Debug|Any CPU
		{1DB37985-310C-4AAD-B452-6EA3D001E117}.Release|Any CPU.ActiveCfg = Release|Any CPU
		{1DB37985-310C-4AAD-B452-6EA3D001E117}.Release|Any CPU.Build.0 = Release|Any CPU
	EndGlobalSection
	GlobalSection(SolutionProperties) = preSolution
		HideSolutionNode = FALSE
	EndGlobalSection
	GlobalSection(ExtensibilityGlobals) = postSolution
		SolutionGuid = {924F90EE-477F-424A-983D-F0659A4BF708}
	EndGlobalSection
EndGlobal
